
Microsoft Visual Studio Solution File, Format Version 12.00
# Visual Studio 15
VisualStudioVersion = 15.0.28010.2050
MinimumVisualStudioVersion = 10.0.40219.1
Project("{FAE04EC0-301F-11D3-BF4B-00C04F79EFBC}") = "CSC348Assignment2", "CSC348Assignment2\CSC348Assignment2.csproj", "{3A607479-F8E6-4265-A7AD-32AC8D7DF046}"
EndProject
Global
	GlobalSection(SolutionConfigurationPlatforms) = preSolution
		Debug|Any CPU = Debug|Any CPU
		Release|Any CPU = Release|Any CPU
	EndGlobalSection
	GlobalSection(ProjectConfigurationPlatforms) = postSolution
		{3A607479-F8E6-4265-A7AD-32AC8D7DF046}.Debug|Any CPU.ActiveCfg = Debug|Any CPU
		{3A607479-F8E6-4265-A7AD-32AC8D7DF046}.Debug|Any CPU.Build.0 = Debug|Any CPU
		{3A607479-F8E6-4265-A7AD-32AC8D7DF046}.Release|Any CPU.ActiveCfg = Release|Any CPU
		{3A607479-F8E6-4265-A7AD-32AC8D7DF046}.Release|Any CPU.Build.0 = Release|Any CPU
	EndGlobalSection
	GlobalSection(SolutionProperties) = preSolution
		HideSolutionNode = FALSE
	EndGlobalSection
	GlobalSection(ExtensibilityGlobals) = postSolution
		SolutionGuid = {4D0D777B-6E18-4D36-9872-3A07DFCBC716}
	EndGlobalSection
EndGlobal
